{
  "name": "df-sharepoint-lib",
  "version": "0.0.1",
  "lockfileVersion": 1,
  "requires": true,
  "dependencies": {
    "@angular/http": {
      "version": "7.2.8",
      "resolved": "https://registry.npmjs.org/@angular/http/-/http-7.2.8.tgz",
      "integrity": "sha512-bCLgXKbYeSiZPXQ58YbxVKg50PwecDm9SqiXh1QOQOSJsAG7oXXWesN/IOnfP38XeRg9C2NBbJ6mKOyfD/4jdw==",
      "dev": true,
      "requires": {
        "tslib": "^1.9.0"
      }
    },
    "tslib": {
      "version": "1.9.3",
      "resolved": "https://registry.npmjs.org/tslib/-/tslib-1.9.3.tgz",
      "integrity": "sha512-4krF8scpejhaOgqzBEcGM7yDIEfi0/8+8zDRZhNZZ2kjmHJ4hv3zCbQWxoJGz1iw5U0Jl0nma13xzHXcncMavQ==",
      "dev": true
    },
    "x2js": {
      "version": "3.2.6",
      "resolved": "https://registry.npmjs.org/x2js/-/x2js-3.2.6.tgz",
      "integrity": "sha512-AtIflg7LRYhayFwujlyujD0qi9C9XwMkV6fHFOhc6FPqTvuVSDbUeFimbd91zO9QophYJsnaW4mz6p/U/MQ9rA==",
      "dev": true,
      "requires": {
        "xmldom": "^0.1.19"
      }
    },
    "xmldom": {
      "version": "0.1.27",
      "resolved": "https://registry.npmjs.org/xmldom/-/xmldom-0.1.27.tgz",
      "integrity": "sha1-1QH5ezvbQDr4757MIFcxh6rawOk=",
      "dev": true
    }
  }
}
